# This file was autogenerated by uv via the following command:
#    uv export --frozen --no-dev --no-emit-workspace --all-packages --no-hashes -o tools/ulta_snapshot/requirements.lock
alembic==1.20.0
    # via pi-db
annotated-types==0.8.0
    # via pydantic
anyio==4.15.1
    # via httpx
certifi==2026.7.22
    # via
    #   httpcore
    #   httpx
defusedxml==0.7.1
    # via pi-connector-ulta
greenlet==3.5.6
    # via playwright
h11==0.16.0
    # via httpcore
httpcore==1.0.9
    # via httpx
httpx==0.28.1
    # via pi-fetch
idna==3.20
    # via
    #   anyio
    #   httpx
mako==1.4.3
    # via alembic
markupsafe==3.0.3
    # via mako
playwright==1.63.0
    # via pi-fetch
psycopg==3.3.6
    # via pi-db
psycopg-binary==3.3.6 ; implementation_name != 'pypy'
    # via psycopg
pydantic==2.13.5
    # via
    #   pi-connector-ulta
    #   pi-core
    #   pi-fetch
    #   pi-match
pydantic-core==2.46.5
    # via pydantic
pyee==13.0.1
    # via playwright
sqlalchemy==2.1.1
    # via
    #   alembic
    #   pi-db
typing-extensions==4.16.0
    # via
    #   alembic
    #   anyio
    #   psycopg
    #   pydantic
    #   pydantic-core
    #   pyee
    #   sqlalchemy
    #   typing-inspection
typing-inspection==0.4.4
    # via pydantic
tzdata==2026.4 ; sys_platform == 'win32'
    # via psycopg
